
Microsoft Visual Studio Solution File, Format Version 12.00
# Visual Studio Version 17
VisualStudioVersion = 17.2.32616.157
MinimumVisualStudioVersion = 10.0.40219.1
Project("{FAE04EC0-301F-11D3-BF4B-00C04F79EFBC}") = "Sistema_1", "Sistema_1\Sistema_1.csproj", "{7FBD2171-EC59-44D1-9915-C457D882E662}"
EndProject
Global
	GlobalSection(SolutionConfigurationPlatforms) = preSolution
		Debug|Any CPU = Debug|Any CPU
		Release|Any CPU = Release|Any CPU
	EndGlobalSection
	GlobalSection(ProjectConfigurationPlatforms) = postSolution
		{7FBD2171-EC59-44D1-9915-C457D882E662}.Debug|Any CPU.ActiveCfg = Debug|Any CPU
		{7FBD2171-EC59-44D1-9915-C457D882E662}.Debug|Any CPU.Build.0 = Debug|Any CPU
		{7FBD2171-EC59-44D1-9915-C457D882E662}.Release|Any CPU.ActiveCfg = Release|Any CPU
		{7FBD2171-EC59-44D1-9915-C457D882E662}.Release|Any CPU.Build.0 = Release|Any CPU
	EndGlobalSection
	GlobalSection(SolutionProperties) = preSolution
		HideSolutionNode = FALSE
	EndGlobalSection
	GlobalSection(ExtensibilityGlobals) = postSolution
		SolutionGuid = {18C0DBDC-D39D-446C-BE20-BB5E478007FA}
	EndGlobalSection
EndGlobal
